
Microsoft Visual Studio Solution File, Format Version 12.00
# Visual Studio Version 17
VisualStudioVersion = 17.0.31903.59
MinimumVisualStudioVersion = 10.0.40219.1
Project("{FAE04EC0-301F-11D3-BF4B-00C04F79EFBC}") = "ProductMicroservice-Api", "ProductMicroservice-Api\ProductMicroservice-Api.csproj", "{BC9EE8A3-47EB-4E82-AC8B-FCF303AC8C20}"
EndProject
Project("{FAE04EC0-301F-11D3-BF4B-00C04F79EFBC}") = "ProductMicroservice-Test", "ProductMicroservice-Test\ProductMicroservice-Test.csproj", "{ADE3DAC0-78C8-4F69-8B28-63179EA8DFBD}"
EndProject
Global
	GlobalSection(SolutionConfigurationPlatforms) = preSolution
		Debug|Any CPU = Debug|Any CPU
		Release|Any CPU = Release|Any CPU
	EndGlobalSection
	GlobalSection(SolutionProperties) = preSolution
		HideSolutionNode = FALSE
	EndGlobalSection
	GlobalSection(ProjectConfigurationPlatforms) = postSolution
		{BC9EE8A3-47EB-4E82-AC8B-FCF303AC8C20}.Debug|Any CPU.ActiveCfg = Debug|Any CPU
		{BC9EE8A3-47EB-4E82-AC8B-FCF303AC8C20}.Debug|Any CPU.Build.0 = Debug|Any CPU
		{BC9EE8A3-47EB-4E82-AC8B-FCF303AC8C20}.Release|Any CPU.ActiveCfg = Release|Any CPU
		{BC9EE8A3-47EB-4E82-AC8B-FCF303AC8C20}.Release|Any CPU.Build.0 = Release|Any CPU
		{ADE3DAC0-78C8-4F69-8B28-63179EA8DFBD}.Debug|Any CPU.ActiveCfg = Debug|Any CPU
		{ADE3DAC0-78C8-4F69-8B28-63179EA8DFBD}.Debug|Any CPU.Build.0 = Debug|Any CPU
		{ADE3DAC0-78C8-4F69-8B28-63179EA8DFBD}.Release|Any CPU.ActiveCfg = Release|Any CPU
		{ADE3DAC0-78C8-4F69-8B28-63179EA8DFBD}.Release|Any CPU.Build.0 = Release|Any CPU
	EndGlobalSection
EndGlobal
